// !$*UTF8*$!
{
	archiveVersion = 1;
	classes = {
	};
	objectVersion = 56;
	objects = {

/* Begin PBXBuildFile section */
		FB1AEFFA2B5B84BA0070B0F1 /* WWCTrackerApp.swift in Sources */ = {isa = PBXBuildFile; fileRef = FB1AEFF92B5B84BA0070B0F1 /* WWCTrackerApp.swift */; };
		FB1AEFFC2B5B84BA0070B0F1 /* ContentView.swift in Sources */ = {isa = PBXBuildFile; fileRef = FB1AEFFB2B5B84BA0070B0F1 /* ContentView.swift */; };
		FB1AEFFE2B5B84BE0070B0F1 /* Assets.xcassets in Resources */ = {isa = PBXBuildFile; fileRef = FB1AEFFD2B5B84BE0070B0F1 /* Assets.xcassets */; };
		FB1AF0012B5B84BE0070B0F1 /* Preview Assets.xcassets in Resources */ = {isa = PBXBuildFile; fileRef = FB1AF0002B5B84BE0070B0F1 /* Preview Assets.xcassets */; };
		FB1AF0092B5B858F0070B0F1 /* DetailsView.swift in Sources */ = {isa = PBXBuildFile; fileRef = FB1AF0082B5B858F0070B0F1 /* DetailsView.swift */; };
		FB1AF00B2B5B85D50070B0F1 /* DetailsModel.swift in Sources */ = {isa = PBXBuildFile; fileRef = FB1AF00A2B5B85D50070B0F1 /* DetailsModel.swift */; };
		FB1AF00D2B5B861D0070B0F1 /* DetailsViewModel.swift in Sources */ = {isa = PBXBuildFile; fileRef = FB1AF00C2B5B861D0070B0F1 /* DetailsViewModel.swift */; };
		FB1AF0102B5B86D30070B0F1 /* ListView.swift in Sources */ = {isa = PBXBuildFile; fileRef = FB1AF00F2B5B86D30070B0F1 /* ListView.swift */; };
		FB1AF0122B5B86DF0070B0F1 /* ListModel.swift in Sources */ = {isa = PBXBuildFile; fileRef = FB1AF0112B5B86DF0070B0F1 /* ListModel.swift */; };
		FB1AF0142B5B86F00070B0F1 /* ListViewModel.swift in Sources */ = {isa = PBXBuildFile; fileRef = FB1AF0132B5B86F00070B0F1 /* ListViewModel.swift */; };
/* End PBXBuildFile section */

/* Begin PBXFileReference section */
		FB1AEFF62B5B84BA0070B0F1 /* wwcTracker.app */ = {isa = PBXFileReference; explicitFileType = wrapper.application; includeInIndex = 0; path = wwcTracker.app; sourceTree = BUILT_PRODUCTS_DIR; };
		FB1AEFF92B5B84BA0070B0F1 /* WWCTrackerApp.swift */ = {isa = PBXFileReference; lastKnownFileType = sourcecode.swift; path = WWCTrackerApp.swift; sourceTree = "<group>"; };
		FB1AEFFB2B5B84BA0070B0F1 /* ContentView.swift */ = {isa = PBXFileReference; lastKnownFileType = sourcecode.swift; path = ContentView.swift; sourceTree = "<group>"; };
		FB1AEFFD2B5B84BE0070B0F1 /* Assets.xcassets */ = {isa = PBXFileReference; lastKnownFileType = folder.assetcatalog; path = Assets.xcassets; sourceTree = "<group>"; };
		FB1AF0002B5B84BE0070B0F1 /* Preview Assets.xcassets */ = {isa = PBXFileReference; lastKnownFileType = folder.assetcatalog; path = "Preview Assets.xcassets"; sourceTree = "<group>"; };
		FB1AF0082B5B858F0070B0F1 /* DetailsView.swift */ = {isa = PBXFileReference; lastKnownFileType = sourcecode.swift; path = DetailsView.swift; sourceTree = "<group>"; };
		FB1AF00A2B5B85D50070B0F1 /* DetailsModel.swift */ = {isa = PBXFileReference; lastKnownFileType = sourcecode.swift; path = DetailsModel.swift; sourceTree = "<group>"; };
		FB1AF00C2B5B861D0070B0F1 /* DetailsViewModel.swift */ = {isa = PBXFileReference; lastKnownFileType = sourcecode.swift; path = DetailsViewModel.swift; sourceTree = "<group>"; };
		FB1AF00F2B5B86D30070B0F1 /* ListView.swift */ = {isa = PBXFileReference; lastKnownFileType = sourcecode.swift; path = ListView.swift; sourceTree = "<group>"; };
		FB1AF0112B5B86DF0070B0F1 /* ListModel.swift */ = {isa = PBXFileReference; lastKnownFileType = sourcecode.swift; path = ListModel.swift; sourceTree = "<group>"; };
		FB1AF0132B5B86F00070B0F1 /* ListViewModel.swift */ = {isa = PBXFileReference; lastKnownFileType = sourcecode.swift; path = ListViewModel.swift; sourceTree = "<group>"; };
/* End PBXFileReference section */

/* Begin PBXFrameworksBuildPhase section */
		FB1AEFF32B5B84BA0070B0F1 /* Frameworks */ = {
			isa = PBXFrameworksBuildPhase;
			buildActionMask = 2147483647;
			files = (
			);
			runOnlyForDeploymentPostprocessing = 0;
		};
/* End PBXFrameworksBuildPhase section */

/* Begin PBXGroup section */
		FB1AEFED2B5B84BA0070B0F1 = {
			isa = PBXGroup;
			children = (
				FB1AEFF82B5B84BA0070B0F1 /* WWCTracker */,
				FB1AEFF72B5B84BA0070B0F1 /* Products */,
			);
			sourceTree = "<group>";
		};
		FB1AEFF72B5B84BA0070B0F1 /* Products */ = {
			isa = PBXGroup;
			children = (
				FB1AEFF62B5B84BA0070B0F1 /* wwcTracker.app */,
			);
			name = Products;
			sourceTree = "<group>";
		};
		FB1AEFF82B5B84BA0070B0F1 /* WWCTracker */ = {
			isa = PBXGroup;
			children = (
				FB1AF00E2B5B86780070B0F1 /* List Screen */,
				FB1AF0072B5B857A0070B0F1 /* Details Screen */,
				FB1AEFF92B5B84BA0070B0F1 /* WWCTrackerApp.swift */,
				FB1AEFFB2B5B84BA0070B0F1 /* ContentView.swift */,
				FB1AEFFD2B5B84BE0070B0F1 /* Assets.xcassets */,
				FB1AEFFF2B5B84BE0070B0F1 /* Preview Content */,
			);
			path = WWCTracker;
			sourceTree = "<group>";
		};
		FB1AEFFF2B5B84BE0070B0F1 /* Preview Content */ = {
			isa = PBXGroup;
			children = (
				FB1AF0002B5B84BE0070B0F1 /* Preview Assets.xcassets */,
			);
			path = "Preview Content";
			sourceTree = "<group>";
		};
		FB1AF0072B5B857A0070B0F1 /* Details Screen */ = {
			isa = PBXGroup;
			children = (
				FB1AF0082B5B858F0070B0F1 /* DetailsView.swift */,
				FB1AF00A2B5B85D50070B0F1 /* DetailsModel.swift */,
				FB1AF00C2B5B861D0070B0F1 /* DetailsViewModel.swift */,
			);
			path = "Details Screen";
			sourceTree = "<group>";
		};
		FB1AF00E2B5B86780070B0F1 /* List Screen */ = {
			isa = PBXGroup;
			children = (
				FB1AF00F2B5B86D30070B0F1 /* ListView.swift */,
				FB1AF0112B5B86DF0070B0F1 /* ListModel.swift */,
				FB1AF0132B5B86F00070B0F1 /* ListViewModel.swift */,
			);
			path = "List Screen";
			sourceTree = "<group>";
		};
/* End PBXGroup section */

/* Begin PBXNativeTarget section */
		FB1AEFF52B5B84BA0070B0F1 /* wwcTracker */ = {
			isa = PBXNativeTarget;
			buildConfigurationList = FB1AF0042B5B84BE0070B0F1 /* Build configuration list for PBXNativeTarget "wwcTracker" */;
			buildPhases = (
				FB1AEFF22B5B84BA0070B0F1 /* Sources */,
				FB1AEFF32B5B84BA0070B0F1 /* Frameworks */,
				FB1AEFF42B5B84BA0070B0F1 /* Resources */,
			);
			buildRules = (
			);
			dependencies = (
			);
			name = wwcTracker;
			productName = wwcTracker;
			productReference = FB1AEFF62B5B84BA0070B0F1 /* wwcTracker.app */;
			productType = "com.apple.product-type.application";
		};
/* End PBXNativeTarget section */

/* Begin PBXProject section */
		FB1AEFEE2B5B84BA0070B0F1 /* Project object */ = {
			isa = PBXProject;
			attributes = {
				BuildIndependentTargetsInParallel = 1;
				LastSwiftUpdateCheck = 1510;
				LastUpgradeCheck = 1510;
				TargetAttributes = {
					FB1AEFF52B5B84BA0070B0F1 = {
						CreatedOnToolsVersion = 15.1;
					};
				};
			};
			buildConfigurationList = FB1AEFF12B5B84BA0070B0F1 /* Build configuration list for PBXProject "wwcTracker" */;
			compatibilityVersion = "Xcode 14.0";
			developmentRegion = en;
			hasScannedForEncodings = 0;
			knownRegions = (
				en,
				Base,
			);
			mainGroup = FB1AEFED2B5B84BA0070B0F1;
			productRefGroup = FB1AEFF72B5B84BA0070B0F1 /* Products */;
			projectDirPath = "";
			projectRoot = "";
			targets = (
				FB1AEFF52B5B84BA0070B0F1 /* wwcTracker */,
			);
		};
/* End PBXProject section */

/* Begin PBXResourcesBuildPhase section */
		FB1AEFF42B5B84BA0070B0F1 /* Resources */ = {
			isa = PBXResourcesBuildPhase;
			buildActionMask = 2147483647;
			files = (
				FB1AF0012B5B84BE0070B0F1 /* Preview Assets.xcassets in Resources */,
				FB1AEFFE2B5B84BE0070B0F1 /* Assets.xcassets in Resources */,
			);
			runOnlyForDeploymentPostprocessing = 0;
		};
/* End PBXResourcesBuildPhase section */

/* Begin PBXSourcesBuildPhase section */
		FB1AEFF22B5B84BA0070B0F1 /* Sources */ = {
			isa = PBXSourcesBuildPhase;
			buildActionMask = 2147483647;
			files = (
				FB1AF00B2B5B85D50070B0F1 /* DetailsModel.swift in Sources */,
				FB1AEFFC2B5B84BA0070B0F1 /* ContentView.swift in Sources */,
				FB1AF0102B5B86D30070B0F1 /* ListView.swift in Sources */,
				FB1AF00D2B5B861D0070B0F1 /* DetailsViewModel.swift in Sources */,
				FB1AF0122B5B86DF0070B0F1 /* ListModel.swift in Sources */,
				FB1AF0092B5B858F0070B0F1 /* DetailsView.swift in Sources */,
				FB1AF0142B5B86F00070B0F1 /* ListViewModel.swift in Sources */,
				FB1AEFFA2B5B84BA0070B0F1 /* WWCTrackerApp.swift in Sources */,
			);
			runOnlyForDeploymentPostprocessing = 0;
		};
/* End PBXSourcesBuildPhase section */

/* Begin XCBuildConfiguration section */
		FB1AF0022B5B84BE0070B0F1 /* Debug */ = {
			isa = XCBuildConfiguration;
			buildSettings = {
				ALWAYS_SEARCH_USER_PATHS = NO;
				ASSETCATALOG_COMPILER_GENERATE_SWIFT_ASSET_SYMBOL_EXTENSIONS = YES;
				CLANG_ANALYZER_NONNULL = YES;
				CLANG_ANALYZER_NUMBER_OBJECT_CONVERSION = YES_AGGRESSIVE;
				CLANG_CXX_LANGUAGE_STANDARD = "gnu++20";
				CLANG_ENABLE_MODULES = YES;
				CLANG_ENABLE_OBJC_ARC = YES;
				CLANG_ENABLE_OBJC_WEAK = YES;
				CLANG_WARN_BLOCK_CAPTURE_AUTORELEASING = YES;
				CLANG_WARN_BOOL_CONVERSION = YES;
				CLANG_WARN_COMMA = YES;
				CLANG_WARN_CONSTANT_CONVERSION = YES;
				CLANG_WARN_DEPRECATED_OBJC_IMPLEMENTATIONS = YES;
				CLANG_WARN_DIRECT_OBJC_ISA_USAGE = YES_ERROR;
				CLANG_WARN_DOCUMENTATION_COMMENTS = YES;
				CLANG_WARN_EMPTY_BODY = YES;
				CLANG_WARN_ENUM_CONVERSION = YES;
				CLANG_WARN_INFINITE_RECURSION = YES;
				CLANG_WARN_INT_CONVERSION = YES;
				CLANG_WARN_NON_LITERAL_NULL_CONVERSION = YES;
				CLANG_WARN_OBJC_IMPLICIT_RETAIN_SELF = YES;
				CLANG_WARN_OBJC_LITERAL_CONVERSION = YES;
				CLANG_WARN_OBJC_ROOT_CLASS = YES_ERROR;
				CLANG_WARN_QUOTED_INCLUDE_IN_FRAMEWORK_HEADER = YES;
				CLANG_WARN_RANGE_LOOP_ANALYSIS = YES;
				CLANG_WARN_STRICT_PROTOTYPES = YES;
				CLANG_WARN_SUSPICIOUS_MOVE = YES;
				CLANG_WARN_UNGUARDED_AVAILABILITY = YES_AGGRESSIVE;
				CLANG_WARN_UNREACHABLE_CODE = YES;
				CLANG_WARN__DUPLICATE_METHOD_MATCH = YES;
				COPY_PHASE_STRIP = NO;
				DEBUG_INFORMATION_FORMAT = dwarf;
				ENABLE_STRICT_OBJC_MSGSEND = YES;
				ENABLE_TESTABILITY = YES;
				ENABLE_USER_SCRIPT_SANDBOXING = YES;
				GCC_C_LANGUAGE_STANDARD = gnu17;
				GCC_DYNAMIC_NO_PIC = NO;
				GCC_NO_COMMON_BLOCKS = YES;
				GCC_OPTIMIZATION_LEVEL = 0;
				GCC_PREPROCESSOR_DEFINITIONS = (
					"DEBUG=1",
					"$(inherited)",
				);
				GCC_WARN_64_TO_32_BIT_CONVERSION = YES;
				GCC_WARN_ABOUT_RETURN_TYPE = YES_ERROR;
				GCC_WARN_UNDECLARED_SELECTOR = YES;
				GCC_WARN_UNINITIALIZED_AUTOS = YES_AGGRESSIVE;
				GCC_WARN_UNUSED_FUNCTION = YES;
				GCC_WARN_UNUSED_VARIABLE = YES;
				IPHONEOS_DEPLOYMENT_TARGET = 17.2;
				LOCALIZATION_PREFERS_STRING_CATALOGS = YES;
				MTL_ENABLE_DEBUG_INFO = INCLUDE_SOURCE;
				MTL_FAST_MATH = YES;
				ONLY_ACTIVE_ARCH = YES;
				SDKROOT = iphoneos;
				SWIFT_ACTIVE_COMPILATION_CONDITIONS = "DEBUG $(inherited)";
				SWIFT_OPTIMIZATION_LEVEL = "-Onone";
			};
			name = Debug;
		};
		FB1AF0032B5B84BE0070B0F1 /* Release */ = {
			isa = XCBuildConfiguration;
			buildSettings = {
				ALWAYS_SEARCH_USER_PATHS = NO;
				ASSETCATALOG_COMPILER_GENERATE_SWIFT_ASSET_SYMBOL_EXTENSIONS = YES;
				CLANG_ANALYZER_NONNULL = YES;
				CLANG_ANALYZER_NUMBER_OBJECT_CONVERSION = YES_AGGRESSIVE;
				CLANG_CXX_LANGUAGE_STANDARD = "gnu++20";
				CLANG_ENABLE_MODULES = YES;
				CLANG_ENABLE_OBJC_ARC = YES;
				CLANG_ENABLE_OBJC_WEAK = YES;
				CLANG_WARN_BLOCK_CAPTURE_AUTORELEASING = YES;
				CLANG_WARN_BOOL_CONVERSION = YES;
				CLANG_WARN_COMMA = YES;
				CLANG_WARN_CONSTANT_CONVERSION = YES;
				CLANG_WARN_DEPRECATED_OBJC_IMPLEMENTATIONS = YES;
				CLANG_WARN_DIRECT_OBJC_ISA_USAGE = YES_ERROR;
				CLANG_WARN_DOCUMENTATION_COMMENTS = YES;
				CLANG_WARN_EMPTY_BODY = YES;
				CLANG_WARN_ENUM_CONVERSION = YES;
				CLANG_WARN_INFINITE_RECURSION = YES;
				CLANG_WARN_INT_CONVERSION = YES;
				CLANG_WARN_NON_LITERAL_NULL_CONVERSION = YES;
				CLANG_WARN_OBJC_IMPLICIT_RETAIN_SELF = YES;
				CLANG_WARN_OBJC_LITERAL_CONVERSION = YES;
				CLANG_WARN_OBJC_ROOT_CLASS = YES_ERROR;
				CLANG_WARN_QUOTED_INCLUDE_IN_FRAMEWORK_HEADER = YES;
				CLANG_WARN_RANGE_LOOP_ANALYSIS = YES;
				CLANG_WARN_STRICT_PROTOTYPES = YES;
				CLANG_WARN_SUSPICIOUS_MOVE = YES;
				CLANG_WARN_UNGUARDED_AVAILABILITY = YES_AGGRESSIVE;
				CLANG_WARN_UNREACHABLE_CODE = YES;
				CLANG_WARN__DUPLICATE_METHOD_MATCH = YES;
				COPY_PHASE_STRIP = NO;
				DEBUG_INFORMATION_FORMAT = "dwarf-with-dsym";
				ENABLE_NS_ASSERTIONS = NO;
				ENABLE_STRICT_OBJC_MSGSEND = YES;
				ENABLE_USER_SCRIPT_SANDBOXING = YES;
				GCC_C_LANGUAGE_STANDARD = gnu17;
				GCC_NO_COMMON_BLOCKS = YES;
				GCC_WARN_64_TO_32_BIT_CONVERSION = YES;
				GCC_WARN_ABOUT_RETURN_TYPE = YES_ERROR;
				GCC_WARN_UNDECLARED_SELECTOR = YES;
				GCC_WARN_UNINITIALIZED_AUTOS = YES_AGGRESSIVE;
				GCC_WARN_UNUSED_FUNCTION = YES;
				GCC_WARN_UNUSED_VARIABLE = YES;
				IPHONEOS_DEPLOYMENT_TARGET = 17.2;
				LOCALIZATION_PREFERS_STRING_CATALOGS = YES;
				MTL_ENABLE_DEBUG_INFO = NO;
				MTL_FAST_MATH = YES;
				SDKROOT = iphoneos;
				SWIFT_COMPILATION_MODE = wholemodule;
				VALIDATE_PRODUCT = YES;
			};
			name = Release;
		};
		FB1AF0052B5B84BE0070B0F1 /* Debug */ = {
			isa = XCBuildConfiguration;
			buildSettings = {
				ASSETCATALOG_COMPILER_APPICON_NAME = AppIcon;
				ASSETCATALOG_COMPILER_GLOBAL_ACCENT_COLOR_NAME = AccentColor;
				CODE_SIGN_STYLE = Automatic;
				CURRENT_PROJECT_VERSION = 1;
				DEVELOPMENT_ASSET_PATHS = "\"wwcTracker/Preview Content\"";
				DEVELOPMENT_TEAM = MMSJ2DXRDG;
				ENABLE_PREVIEWS = YES;
				GENERATE_INFOPLIST_FILE = YES;
				INFOPLIST_KEY_UIApplicationSceneManifest_Generation = YES;
				INFOPLIST_KEY_UIApplicationSupportsIndirectInputEvents = YES;
				INFOPLIST_KEY_UILaunchScreen_Generation = YES;
				INFOPLIST_KEY_UISupportedInterfaceOrientations_iPad = "UIInterfaceOrientationPortrait UIInterfaceOrientationPortraitUpsideDown UIInterfaceOrientationLandscapeLeft UIInterfaceOrientationLandscapeRight";
				INFOPLIST_KEY_UISupportedInterfaceOrientations_iPhone = "UIInterfaceOrientationPortrait UIInterfaceOrientationLandscapeLeft UIInterfaceOrientationLandscapeRight";
				LD_RUNPATH_SEARCH_PATHS = (
					"$(inherited)",
					"@executable_path/Frameworks",
				);
				MARKETING_VERSION = 1.0;
				PRODUCT_BUNDLE_IDENTIFIER = coderpilot.com.wwcTracker;
				PRODUCT_NAME = "$(TARGET_NAME)";
				SWIFT_EMIT_LOC_STRINGS = YES;
				SWIFT_VERSION = 5.0;
				TARGETED_DEVICE_FAMILY = "1,2";
			};
			name = Debug;
		};
		FB1AF0062B5B84BE0070B0F1 /* Release */ = {
			isa = XCBuildConfiguration;
			buildSettings = {
				ASSETCATALOG_COMPILER_APPICON_NAME = AppIcon;
				ASSETCATALOG_COMPILER_GLOBAL_ACCENT_COLOR_NAME = AccentColor;
				CODE_SIGN_STYLE = Automatic;
				CURRENT_PROJECT_VERSION = 1;
				DEVELOPMENT_ASSET_PATHS = "\"wwcTracker/Preview Content\"";
				DEVELOPMENT_TEAM = MMSJ2DXRDG;
				ENABLE_PREVIEWS = YES;
				GENERATE_INFOPLIST_FILE = YES;
				INFOPLIST_KEY_UIApplicationSceneManifest_Generation = YES;
				INFOPLIST_KEY_UIApplicationSupportsIndirectInputEvents = YES;
				INFOPLIST_KEY_UILaunchScreen_Generation = YES;
				INFOPLIST_KEY_UISupportedInterfaceOrientations_iPad = "UIInterfaceOrientationPortrait UIInterfaceOrientationPortraitUpsideDown UIInterfaceOrientationLandscapeLeft UIInterfaceOrientationLandscapeRight";
				INFOPLIST_KEY_UISupportedInterfaceOrientations_iPhone = "UIInterfaceOrientationPortrait UIInterfaceOrientationLandscapeLeft UIInterfaceOrientationLandscapeRight";
				LD_RUNPATH_SEARCH_PATHS = (
					"$(inherited)",
					"@executable_path/Frameworks",
				);
				MARKETING_VERSION = 1.0;
				PRODUCT_BUNDLE_IDENTIFIER = coderpilot.com.wwcTracker;
				PRODUCT_NAME = "$(TARGET_NAME)";
				SWIFT_EMIT_LOC_STRINGS = YES;
				SWIFT_VERSION = 5.0;
				TARGETED_DEVICE_FAMILY = "1,2";
			};
			name = Release;
		};
/* End XCBuildConfiguration section */

/* Begin XCConfigurationList section */
		FB1AEFF12B5B84BA0070B0F1 /* Build configuration list for PBXProject "wwcTracker" */ = {
			isa = XCConfigurationList;
			buildConfigurations = (
				FB1AF0022B5B84BE0070B0F1 /* Debug */,
				FB1AF0032B5B84BE0070B0F1 /* Release */,
			);
			defaultConfigurationIsVisible = 0;
			defaultConfigurationName = Release;
		};
		FB1AF0042B5B84BE0070B0F1 /* Build configuration list for PBXNativeTarget "wwcTracker" */ = {
			isa = XCConfigurationList;
			buildConfigurations = (
				FB1AF0052B5B84BE0070B0F1 /* Debug */,
				FB1AF0062B5B84BE0070B0F1 /* Release */,
			);
			defaultConfigurationIsVisible = 0;
			defaultConfigurationName = Release;
		};
/* End XCConfigurationList section */
	};
	rootObject = FB1AEFEE2B5B84BA0070B0F1 /* Project object */;
}
